
Microsoft Visual Studio Solution File, Format Version 12.00
# Visual Studio Version 17
VisualStudioVersion = 17.3.32825.248
MinimumVisualStudioVersion = 10.0.40219.1
Project("{888888A0-9F3D-457C-B088-3A5042F75D52}") = "kap 10 uppgift 7", "kap 10 uppgift 7\kap 10 uppgift 7.pyproj", "{0EC05EBF-35CF-49CC-8523-AD47C5D7012A}"
EndProject
Global
	GlobalSection(SolutionConfigurationPlatforms) = preSolution
		Debug|Any CPU = Debug|Any CPU
		Release|Any CPU = Release|Any CPU
	EndGlobalSection
	GlobalSection(ProjectConfigurationPlatforms) = postSolution
		{0EC05EBF-35CF-49CC-8523-AD47C5D7012A}.Debug|Any CPU.ActiveCfg = Debug|Any CPU
		{0EC05EBF-35CF-49CC-8523-AD47C5D7012A}.Release|Any CPU.ActiveCfg = Release|Any CPU
	EndGlobalSection
	GlobalSection(SolutionProperties) = preSolution
		HideSolutionNode = FALSE
	EndGlobalSection
	GlobalSection(ExtensibilityGlobals) = postSolution
		SolutionGuid = {023BAE59-B05D-469F-9012-AB383F6B173E}
	EndGlobalSection
EndGlobal
